// !$*UTF8*$!
{
	archiveVersion = 1;
	classes = {
	};
	objectVersion = 46;
	objects = {

/* Begin PBXBuildFile section */
		158EFA121DAB857E007128FF /* YGSetPropertyView.m in Sources */ = {isa = PBXBuildFile; fileRef = 158EFA111DAB857E007128FF /* YGSetPropertyView.m */; };
		15A3E0451DA9E90B00707203 /* YGDrawingArrowView.m in Sources */ = {isa = PBXBuildFile; fileRef = 15A3E0441DA9E90A00707203 /* YGDrawingArrowView.m */; };
		15A3E0481DAA14D200707203 /* YGMagnifierView.m in Sources */ = {isa = PBXBuildFile; fileRef = 15A3E0471DAA14D200707203 /* YGMagnifierView.m */; };
		15A3E04B1DAA304000707203 /* YGTwoBarCodeView.m in Sources */ = {isa = PBXBuildFile; fileRef = 15A3E04A1DAA304000707203 /* YGTwoBarCodeView.m */; };
		15A3E04E1DAA34C800707203 /* YGCompanyLogoView.m in Sources */ = {isa = PBXBuildFile; fileRef = 15A3E04D1DAA34C800707203 /* YGCompanyLogoView.m */; };
		15A926E21DAC7FB00041BC27 /* YGMyButton.m in Sources */ = {isa = PBXBuildFile; fileRef = 15A926E11DAC7FB00041BC27 /* YGMyButton.m */; };
		15AA46D01D2F515100E4AD97 /* main.m in Sources */ = {isa = PBXBuildFile; fileRef = 15AA46CF1D2F515100E4AD97 /* main.m */; };
		15AA46D31D2F515100E4AD97 /* AppDelegate.m in Sources */ = {isa = PBXBuildFile; fileRef = 15AA46D21D2F515100E4AD97 /* AppDelegate.m */; };
		15AA46D61D2F515100E4AD97 /* ViewController.m in Sources */ = {isa = PBXBuildFile; fileRef = 15AA46D51D2F515100E4AD97 /* ViewController.m */; };
		15AA46D91D2F515100E4AD97 /* Main.storyboard in Resources */ = {isa = PBXBuildFile; fileRef = 15AA46D71D2F515100E4AD97 /* Main.storyboard */; };
		15AA46DB1D2F515100E4AD97 /* Assets.xcassets in Resources */ = {isa = PBXBuildFile; fileRef = 15AA46DA1D2F515100E4AD97 /* Assets.xcassets */; };
		15AA46DE1D2F515100E4AD97 /* LaunchScreen.storyboard in Resources */ = {isa = PBXBuildFile; fileRef = 15AA46DC1D2F515100E4AD97 /* LaunchScreen.storyboard */; };
		15AA46E71D2F545B00E4AD97 /* YGLogisticsInformationVC.m in Sources */ = {isa = PBXBuildFile; fileRef = 15AA46E61D2F545B00E4AD97 /* YGLogisticsInformationVC.m */; };
		15AA46F01D2F556C00E4AD97 /* YGLogisticsInformationInfo.m in Sources */ = {isa = PBXBuildFile; fileRef = 15AA46E81D2F556C00E4AD97 /* YGLogisticsInformationInfo.m */; };
		15AA46F11D2F556C00E4AD97 /* YGLogisticsInformationCell.m in Sources */ = {isa = PBXBuildFile; fileRef = 15AA46EB1D2F556C00E4AD97 /* YGLogisticsInformationCell.m */; };
		15AA46F21D2F556C00E4AD97 /* YGTextView.m in Sources */ = {isa = PBXBuildFile; fileRef = 15AA46ED1D2F556C00E4AD97 /* YGTextView.m */; };
		15AA46F31D2F556C00E4AD97 /* YGLogisticsInformationDetailCell.m in Sources */ = {isa = PBXBuildFile; fileRef = 15AA46EE1D2F556C00E4AD97 /* YGLogisticsInformationDetailCell.m */; };
		15AA47121D2F5CC000E4AD97 /* YGBaseViewController.m in Sources */ = {isa = PBXBuildFile; fileRef = 15AA47111D2F5CC000E4AD97 /* YGBaseViewController.m */; };
		15AA47161D2F5D1200E4AD97 /* YGTool.m in Sources */ = {isa = PBXBuildFile; fileRef = 15AA47151D2F5D1200E4AD97 /* YGTool.m */; };
		15ABC1FF1DB74DBD00D22351 /* YGSetPropertyTextOptionsView.m in Sources */ = {isa = PBXBuildFile; fileRef = 15ABC1FE1DB74DBD00D22351 /* YGSetPropertyTextOptionsView.m */; };
		15B33F741D88FF0300247239 /* YGMosaicImageInfo.m in Sources */ = {isa = PBXBuildFile; fileRef = 15B33F731D88FF0300247239 /* YGMosaicImageInfo.m */; };
		15B555751D38D39E00DD7233 /* YGPersonalProfileVC.m in Sources */ = {isa = PBXBuildFile; fileRef = 15B555741D38D39E00DD7233 /* YGPersonalProfileVC.m */; };
		15B555781D38DD7300DD7233 /* YGBaseMapView.m in Sources */ = {isa = PBXBuildFile; fileRef = 15B555771D38DD7300DD7233 /* YGBaseMapView.m */; };
		15B60E771DBD9951008B5A14 /* MBProgressHUD+NSString.m in Sources */ = {isa = PBXBuildFile; fileRef = 15B60E741DBD9951008B5A14 /* MBProgressHUD+NSString.m */; };
		15B60E781DBD9951008B5A14 /* MBProgressHUD.m in Sources */ = {isa = PBXBuildFile; fileRef = 15B60E761DBD9951008B5A14 /* MBProgressHUD.m */; };
		15B6984E1D7968F700883F3F /* YGDingDangVC.m in Sources */ = {isa = PBXBuildFile; fileRef = 15B6984D1D7968F700883F3F /* YGDingDangVC.m */; };
		15B698511D796A8C00883F3F /* YGDingDangCell.m in Sources */ = {isa = PBXBuildFile; fileRef = 15B698501D796A8C00883F3F /* YGDingDangCell.m */; };
		15B933A01D7D4B6A007C178D /* YGCustomerInformationCell.m in Sources */ = {isa = PBXBuildFile; fileRef = 15B9339F1D7D4B6A007C178D /* YGCustomerInformationCell.m */; };
		15BE48CF1D94C4A20081E051 /* YGDrawingView.m in Sources */ = {isa = PBXBuildFile; fileRef = 15BE48CE1D94C4A20081E051 /* YGDrawingView.m */; };
		15BE48D21D94C5210081E051 /* YGDrawingVC.m in Sources */ = {isa = PBXBuildFile; fileRef = 15BE48D11D94C5210081E051 /* YGDrawingVC.m */; };
		15BE48D51D94CC8F0081E051 /* YGDrawingLineView.m in Sources */ = {isa = PBXBuildFile; fileRef = 15BE48D41D94CC8F0081E051 /* YGDrawingLineView.m */; };
		15C4C1721DB4CB24000DAE28 /* YGInputTextField.m in Sources */ = {isa = PBXBuildFile; fileRef = 15C4C1711DB4CB24000DAE28 /* YGInputTextField.m */; };
		15CA57D01D87EAE500AFD555 /* YGMosaicImageView.m in Sources */ = {isa = PBXBuildFile; fileRef = 15CA57CF1D87EAE500AFD555 /* YGMosaicImageView.m */; };
		15CD63EF1DB9ABF300883BBE /* YGStrokeLabel.m in Sources */ = {isa = PBXBuildFile; fileRef = 15CD63EE1DB9ABF300883BBE /* YGStrokeLabel.m */; };
		15CD63F21DB9B7A000883BBE /* YGStrokeTextView.m in Sources */ = {isa = PBXBuildFile; fileRef = 15CD63F11DB9B7A000883BBE /* YGStrokeTextView.m */; };
		15D0C5D01D82A9E7000A9575 /* YGPiceModifyVC.m in Sources */ = {isa = PBXBuildFile; fileRef = 15D0C5CF1D82A9E7000A9575 /* YGPiceModifyVC.m */; };
		15F4A6831DB5F53400EAAF83 /* YGArrowView.m in Sources */ = {isa = PBXBuildFile; fileRef = 15F4A6821DB5F53400EAAF83 /* YGArrowView.m */; };
		15FBDD641DACB6E600D978DF /* YGSetPropertyInfo.m in Sources */ = {isa = PBXBuildFile; fileRef = 15FBDD631DACB6E600D978DF /* YGSetPropertyInfo.m */; };
/* End PBXBuildFile section */

/* Begin PBXFileReference section */
		158EFA101DAB857E007128FF /* YGSetPropertyView.h */ = {isa = PBXFileReference; fileEncoding = 4; lastKnownFileType = sourcecode.c.h; path = YGSetPropertyView.h; sourceTree = "<group>"; };
		158EFA111DAB857E007128FF /* YGSetPropertyView.m */ = {isa = PBXFileReference; fileEncoding = 4; lastKnownFileType = sourcecode.c.objc; path = YGSetPropertyView.m; sourceTree = "<group>"; };
		15A3E0431DA9E90A00707203 /* YGDrawingArrowView.h */ = {isa = PBXFileReference; fileEncoding = 4; lastKnownFileType = sourcecode.c.h; path = YGDrawingArrowView.h; sourceTree = "<group>"; };
		15A3E0441DA9E90A00707203 /* YGDrawingArrowView.m */ = {isa = PBXFileReference; fileEncoding = 4; lastKnownFileType = sourcecode.c.objc; path = YGDrawingArrowView.m; sourceTree = "<group>"; };
		15A3E0461DAA14D200707203 /* YGMagnifierView.h */ = {isa = PBXFileReference; fileEncoding = 4; lastKnownFileType = sourcecode.c.h; path = YGMagnifierView.h; sourceTree = "<group>"; };
		15A3E0471DAA14D200707203 /* YGMagnifierView.m */ = {isa = PBXFileReference; fileEncoding = 4; lastKnownFileType = sourcecode.c.objc; path = YGMagnifierView.m; sourceTree = "<group>"; };
		15A3E0491DAA304000707203 /* YGTwoBarCodeView.h */ = {isa = PBXFileReference; fileEncoding = 4; lastKnownFileType = sourcecode.c.h; path = YGTwoBarCodeView.h; sourceTree = "<group>"; };
		15A3E04A1DAA304000707203 /* YGTwoBarCodeView.m */ = {isa = PBXFileReference; fileEncoding = 4; lastKnownFileType = sourcecode.c.objc; path = YGTwoBarCodeView.m; sourceTree = "<group>"; };
		15A3E04C1DAA34C800707203 /* YGCompanyLogoView.h */ = {isa = PBXFileReference; fileEncoding = 4; lastKnownFileType = sourcecode.c.h; path = YGCompanyLogoView.h; sourceTree = "<group>"; };
		15A3E04D1DAA34C800707203 /* YGCompanyLogoView.m */ = {isa = PBXFileReference; fileEncoding = 4; lastKnownFileType = sourcecode.c.objc; path = YGCompanyLogoView.m; sourceTree = "<group>"; };
		15A926E01DAC7FB00041BC27 /* YGMyButton.h */ = {isa = PBXFileReference; fileEncoding = 4; lastKnownFileType = sourcecode.c.h; path = YGMyButton.h; sourceTree = "<group>"; };
		15A926E11DAC7FB00041BC27 /* YGMyButton.m */ = {isa = PBXFileReference; fileEncoding = 4; lastKnownFileType = sourcecode.c.objc; path = YGMyButton.m; sourceTree = "<group>"; };
		15AA46CB1D2F515100E4AD97 /* 我的轮子.app */ = {isa = PBXFileReference; explicitFileType = wrapper.application; includeInIndex = 0; path = "我的轮子.app"; sourceTree = BUILT_PRODUCTS_DIR; };
		15AA46CF1D2F515100E4AD97 /* main.m */ = {isa = PBXFileReference; lastKnownFileType = sourcecode.c.objc; path = main.m; sourceTree = "<group>"; };
		15AA46D11D2F515100E4AD97 /* AppDelegate.h */ = {isa = PBXFileReference; lastKnownFileType = sourcecode.c.h; path = AppDelegate.h; sourceTree = "<group>"; };
		15AA46D21D2F515100E4AD97 /* AppDelegate.m */ = {isa = PBXFileReference; lastKnownFileType = sourcecode.c.objc; path = AppDelegate.m; sourceTree = "<group>"; };
		15AA46D41D2F515100E4AD97 /* ViewController.h */ = {isa = PBXFileReference; lastKnownFileType = sourcecode.c.h; path = ViewController.h; sourceTree = "<group>"; };
		15AA46D51D2F515100E4AD97 /* ViewController.m */ = {isa = PBXFileReference; lastKnownFileType = sourcecode.c.objc; path = ViewController.m; sourceTree = "<group>"; };
		15AA46D81D2F515100E4AD97 /* Base */ = {isa = PBXFileReference; lastKnownFileType = file.storyboard; name = Base; path = Base.lproj/Main.storyboard; sourceTree = "<group>"; };
		15AA46DA1D2F515100E4AD97 /* Assets.xcassets */ = {isa = PBXFileReference; lastKnownFileType = folder.assetcatalog; path = Assets.xcassets; sourceTree = "<group>"; };
		15AA46DD1D2F515100E4AD97 /* Base */ = {isa = PBXFileReference; lastKnownFileType = file.storyboard; name = Base; path = Base.lproj/LaunchScreen.storyboard; sourceTree = "<group>"; };
		15AA46DF1D2F515100E4AD97 /* Info.plist */ = {isa = PBXFileReference; lastKnownFileType = text.plist.xml; path = Info.plist; sourceTree = "<group>"; };
		15AA46E51D2F545B00E4AD97 /* YGLogisticsInformationVC.h */ = {isa = PBXFileReference; fileEncoding = 4; lastKnownFileType = sourcecode.c.h; path = YGLogisticsInformationVC.h; sourceTree = "<group>"; };
		15AA46E61D2F545B00E4AD97 /* YGLogisticsInformationVC.m */ = {isa = PBXFileReference; fileEncoding = 4; lastKnownFileType = sourcecode.c.objc; path = YGLogisticsInformationVC.m; sourceTree = "<group>"; };
		15AA46E81D2F556C00E4AD97 /* YGLogisticsInformationInfo.m */ = {isa = PBXFileReference; fileEncoding = 4; lastKnownFileType = sourcecode.c.objc; path = YGLogisticsInformationInfo.m; sourceTree = "<group>"; };
		15AA46E91D2F556C00E4AD97 /* YGLogisticsInformationCell.h */ = {isa = PBXFileReference; fileEncoding = 4; lastKnownFileType = sourcecode.c.h; path = YGLogisticsInformationCell.h; sourceTree = "<group>"; };
		15AA46EA1D2F556C00E4AD97 /* YGTextView.h */ = {isa = PBXFileReference; fileEncoding = 4; lastKnownFileType = sourcecode.c.h; path = YGTextView.h; sourceTree = "<group>"; };
		15AA46EB1D2F556C00E4AD97 /* YGLogisticsInformationCell.m */ = {isa = PBXFileReference; fileEncoding = 4; lastKnownFileType = sourcecode.c.objc; path = YGLogisticsInformationCell.m; sourceTree = "<group>"; };
		15AA46EC1D2F556C00E4AD97 /* YGLogisticsInformationDetailCell.h */ = {isa = PBXFileReference; fileEncoding = 4; lastKnownFileType = sourcecode.c.h; path = YGLogisticsInformationDetailCell.h; sourceTree = "<group>"; };
		15AA46ED1D2F556C00E4AD97 /* YGTextView.m */ = {isa = PBXFileReference; fileEncoding = 4; lastKnownFileType = sourcecode.c.objc; path = YGTextView.m; sourceTree = "<group>"; };
		15AA46EE1D2F556C00E4AD97 /* YGLogisticsInformationDetailCell.m */ = {isa = PBXFileReference; fileEncoding = 4; lastKnownFileType = sourcecode.c.objc; path = YGLogisticsInformationDetailCell.m; sourceTree = "<group>"; };
		15AA46EF1D2F556C00E4AD97 /* YGLogisticsInformationInfo.h */ = {isa = PBXFileReference; fileEncoding = 4; lastKnownFileType = sourcecode.c.h; path = YGLogisticsInformationInfo.h; sourceTree = "<group>"; };
		15AA46F81D2F5C0100E4AD97 /* 浮动毛玻璃相框效果.app */ = {isa = PBXFileReference; explicitFileType = wrapper.application; includeInIndex = 0; path = "浮动毛玻璃相框效果.app"; sourceTree = BUILT_PRODUCTS_DIR; };
		15AA47101D2F5CC000E4AD97 /* YGBaseViewController.h */ = {isa = PBXFileReference; fileEncoding = 4; lastKnownFileType = sourcecode.c.h; path = YGBaseViewController.h; sourceTree = "<group>"; };
		15AA47111D2F5CC000E4AD97 /* YGBaseViewController.m */ = {isa = PBXFileReference; fileEncoding = 4; lastKnownFileType = sourcecode.c.objc; path = YGBaseViewController.m; sourceTree = "<group>"; };
		15AA47131D2F5D0000E4AD97 /* YGHeader.h */ = {isa = PBXFileReference; lastKnownFileType = sourcecode.c.h; path = YGHeader.h; sourceTree = "<group>"; };
		15AA47141D2F5D1200E4AD97 /* YGTool.h */ = {isa = PBXFileReference; fileEncoding = 4; lastKnownFileType = sourcecode.c.h; path = YGTool.h; sourceTree = "<group>"; };
		15AA47151D2F5D1200E4AD97 /* YGTool.m */ = {isa = PBXFileReference; fileEncoding = 4; lastKnownFileType = sourcecode.c.objc; path = YGTool.m; sourceTree = "<group>"; };
		15ABC1FD1DB74DBD00D22351 /* YGSetPropertyTextOptionsView.h */ = {isa = PBXFileReference; fileEncoding = 4; lastKnownFileType = sourcecode.c.h; path = YGSetPropertyTextOptionsView.h; sourceTree = "<group>"; };
		15ABC1FE1DB74DBD00D22351 /* YGSetPropertyTextOptionsView.m */ = {isa = PBXFileReference; fileEncoding = 4; lastKnownFileType = sourcecode.c.objc; path = YGSetPropertyTextOptionsView.m; sourceTree = "<group>"; };
		15B33F721D88FF0300247239 /* YGMosaicImageInfo.h */ = {isa = PBXFileReference; fileEncoding = 4; lastKnownFileType = sourcecode.c.h; path = YGMosaicImageInfo.h; sourceTree = "<group>"; };
		15B33F731D88FF0300247239 /* YGMosaicImageInfo.m */ = {isa = PBXFileReference; fileEncoding = 4; lastKnownFileType = sourcecode.c.objc; path = YGMosaicImageInfo.m; sourceTree = "<group>"; };
		15B555731D38D39E00DD7233 /* YGPersonalProfileVC.h */ = {isa = PBXFileReference; fileEncoding = 4; lastKnownFileType = sourcecode.c.h; path = YGPersonalProfileVC.h; sourceTree = "<group>"; };
		15B555741D38D39E00DD7233 /* YGPersonalProfileVC.m */ = {isa = PBXFileReference; fileEncoding = 4; lastKnownFileType = sourcecode.c.objc; path = YGPersonalProfileVC.m; sourceTree = "<group>"; };
		15B555761D38DD7300DD7233 /* YGBaseMapView.h */ = {isa = PBXFileReference; fileEncoding = 4; lastKnownFileType = sourcecode.c.h; path = YGBaseMapView.h; sourceTree = "<group>"; };
		15B555771D38DD7300DD7233 /* YGBaseMapView.m */ = {isa = PBXFileReference; fileEncoding = 4; lastKnownFileType = sourcecode.c.objc; path = YGBaseMapView.m; sourceTree = "<group>"; };
		15B60E731DBD9951008B5A14 /* MBProgressHUD+NSString.h */ = {isa = PBXFileReference; fileEncoding = 4; lastKnownFileType = sourcecode.c.h; path = "MBProgressHUD+NSString.h"; sourceTree = "<group>"; };
		15B60E741DBD9951008B5A14 /* MBProgressHUD+NSString.m */ = {isa = PBXFileReference; fileEncoding = 4; lastKnownFileType = sourcecode.c.objc; path = "MBProgressHUD+NSString.m"; sourceTree = "<group>"; };
		15B60E751DBD9951008B5A14 /* MBProgressHUD.h */ = {isa = PBXFileReference; fileEncoding = 4; lastKnownFileType = sourcecode.c.h; path = MBProgressHUD.h; sourceTree = "<group>"; };
		15B60E761DBD9951008B5A14 /* MBProgressHUD.m */ = {isa = PBXFileReference; fileEncoding = 4; lastKnownFileType = sourcecode.c.objc; path = MBProgressHUD.m; sourceTree = "<group>"; };
		15B6984C1D7968F700883F3F /* YGDingDangVC.h */ = {isa = PBXFileReference; fileEncoding = 4; lastKnownFileType = sourcecode.c.h; path = YGDingDangVC.h; sourceTree = "<group>"; };
		15B6984D1D7968F700883F3F /* YGDingDangVC.m */ = {isa = PBXFileReference; fileEncoding = 4; lastKnownFileType = sourcecode.c.objc; path = YGDingDangVC.m; sourceTree = "<group>"; };
		15B6984F1D796A8C00883F3F /* YGDingDangCell.h */ = {isa = PBXFileReference; fileEncoding = 4; lastKnownFileType = sourcecode.c.h; path = YGDingDangCell.h; sourceTree = "<group>"; };
		15B698501D796A8C00883F3F /* YGDingDangCell.m */ = {isa = PBXFileReference; fileEncoding = 4; lastKnownFileType = sourcecode.c.objc; path = YGDingDangCell.m; sourceTree = "<group>"; };
		15B9339E1D7D4B6A007C178D /* YGCustomerInformationCell.h */ = {isa = PBXFileReference; fileEncoding = 4; lastKnownFileType = sourcecode.c.h; path = YGCustomerInformationCell.h; sourceTree = "<group>"; };
		15B9339F1D7D4B6A007C178D /* YGCustomerInformationCell.m */ = {isa = PBXFileReference; fileEncoding = 4; lastKnownFileType = sourcecode.c.objc; path = YGCustomerInformationCell.m; sourceTree = "<group>"; };
		15BE48CD1D94C4A20081E051 /* YGDrawingView.h */ = {isa = PBXFileReference; fileEncoding = 4; lastKnownFileType = sourcecode.c.h; path = YGDrawingView.h; sourceTree = "<group>"; };
		15BE48CE1D94C4A20081E051 /* YGDrawingView.m */ = {isa = PBXFileReference; fileEncoding = 4; lastKnownFileType = sourcecode.c.objc; path = YGDrawingView.m; sourceTree = "<group>"; };
		15BE48D01D94C5210081E051 /* YGDrawingVC.h */ = {isa = PBXFileReference; fileEncoding = 4; lastKnownFileType = sourcecode.c.h; path = YGDrawingVC.h; sourceTree = "<group>"; };
		15BE48D11D94C5210081E051 /* YGDrawingVC.m */ = {isa = PBXFileReference; fileEncoding = 4; lastKnownFileType = sourcecode.c.objc; path = YGDrawingVC.m; sourceTree = "<group>"; };
		15BE48D31D94CC8F0081E051 /* YGDrawingLineView.h */ = {isa = PBXFileReference; fileEncoding = 4; lastKnownFileType = sourcecode.c.h; path = YGDrawingLineView.h; sourceTree = "<group>"; };
		15BE48D41D94CC8F0081E051 /* YGDrawingLineView.m */ = {isa = PBXFileReference; fileEncoding = 4; lastKnownFileType = sourcecode.c.objc; path = YGDrawingLineView.m; sourceTree = "<group>"; };
		15C4C1701DB4CB24000DAE28 /* YGInputTextField.h */ = {isa = PBXFileReference; fileEncoding = 4; lastKnownFileType = sourcecode.c.h; path = YGInputTextField.h; sourceTree = "<group>"; };
		15C4C1711DB4CB24000DAE28 /* YGInputTextField.m */ = {isa = PBXFileReference; fileEncoding = 4; lastKnownFileType = sourcecode.c.objc; path = YGInputTextField.m; sourceTree = "<group>"; };
		15CA57CE1D87EAE500AFD555 /* YGMosaicImageView.h */ = {isa = PBXFileReference; fileEncoding = 4; lastKnownFileType = sourcecode.c.h; path = YGMosaicImageView.h; sourceTree = "<group>"; };
		15CA57CF1D87EAE500AFD555 /* YGMosaicImageView.m */ = {isa = PBXFileReference; fileEncoding = 4; lastKnownFileType = sourcecode.c.objc; path = YGMosaicImageView.m; sourceTree = "<group>"; };
		15CD63ED1DB9ABF300883BBE /* YGStrokeLabel.h */ = {isa = PBXFileReference; fileEncoding = 4; lastKnownFileType = sourcecode.c.h; path = YGStrokeLabel.h; sourceTree = "<group>"; };
		15CD63EE1DB9ABF300883BBE /* YGStrokeLabel.m */ = {isa = PBXFileReference; fileEncoding = 4; lastKnownFileType = sourcecode.c.objc; path = YGStrokeLabel.m; sourceTree = "<group>"; };
		15CD63F01DB9B7A000883BBE /* YGStrokeTextView.h */ = {isa = PBXFileReference; fileEncoding = 4; lastKnownFileType = sourcecode.c.h; path = YGStrokeTextView.h; sourceTree = "<group>"; };
		15CD63F11DB9B7A000883BBE /* YGStrokeTextView.m */ = {isa = PBXFileReference; fileEncoding = 4; lastKnownFileType = sourcecode.c.objc; path = YGStrokeTextView.m; sourceTree = "<group>"; };
		15D0C5CE1D82A9E7000A9575 /* YGPiceModifyVC.h */ = {isa = PBXFileReference; fileEncoding = 4; lastKnownFileType = sourcecode.c.h; path = YGPiceModifyVC.h; sourceTree = "<group>"; };
		15D0C5CF1D82A9E7000A9575 /* YGPiceModifyVC.m */ = {isa = PBXFileReference; fileEncoding = 4; lastKnownFileType = sourcecode.c.objc; path = YGPiceModifyVC.m; sourceTree = "<group>"; };
		15F4A6811DB5F53400EAAF83 /* YGArrowView.h */ = {isa = PBXFileReference; fileEncoding = 4; lastKnownFileType = sourcecode.c.h; path = YGArrowView.h; sourceTree = "<group>"; };
		15F4A6821DB5F53400EAAF83 /* YGArrowView.m */ = {isa = PBXFileReference; fileEncoding = 4; lastKnownFileType = sourcecode.c.objc; path = YGArrowView.m; sourceTree = "<group>"; };
		15FBDD621DACB6E600D978DF /* YGSetPropertyInfo.h */ = {isa = PBXFileReference; fileEncoding = 4; lastKnownFileType = sourcecode.c.h; path = YGSetPropertyInfo.h; sourceTree = "<group>"; };
		15FBDD631DACB6E600D978DF /* YGSetPropertyInfo.m */ = {isa = PBXFileReference; fileEncoding = 4; lastKnownFileType = sourcecode.c.objc; path = YGSetPropertyInfo.m; sourceTree = "<group>"; };
/* End PBXFileReference section */

/* Begin PBXFrameworksBuildPhase section */
		15AA46C81D2F515100E4AD97 /* Frameworks */ = {
			isa = PBXFrameworksBuildPhase;
			buildActionMask = 2147483647;
			files = (
			);
			runOnlyForDeploymentPostprocessing = 0;
		};
		15AA46F51D2F5C0100E4AD97 /* Frameworks */ = {
			isa = PBXFrameworksBuildPhase;
			buildActionMask = 2147483647;
			files = (
			);
			runOnlyForDeploymentPostprocessing = 0;
		};
/* End PBXFrameworksBuildPhase section */

/* Begin PBXGroup section */
		15AA46C21D2F515100E4AD97 = {
			isa = PBXGroup;
			children = (
				15AA46CD1D2F515100E4AD97 /* 我的轮子 */,
				15AA46CC1D2F515100E4AD97 /* Products */,
			);
			sourceTree = "<group>";
		};
		15AA46CC1D2F515100E4AD97 /* Products */ = {
			isa = PBXGroup;
			children = (
				15AA46CB1D2F515100E4AD97 /* 我的轮子.app */,
				15AA46F81D2F5C0100E4AD97 /* 浮动毛玻璃相框效果.app */,
			);
			name = Products;
			sourceTree = "<group>";
		};
		15AA46CD1D2F515100E4AD97 /* 我的轮子 */ = {
			isa = PBXGroup;
			children = (
				15BE48CC1D94C46F0081E051 /* 图片标注 */,
				15D0C5CA1D82A93D000A9575 /* 图片拼接 */,
				15B6984B1D79684400883F3F /* 订单详情页 */,
				15B5556F1D38D32900DD7233 /* 个人简介界面 */,
				15AA470F1D2F5C5900E4AD97 /* 物流详情页面 */,
				15B60E721DBD9951008B5A14 /* MBProgressHUD */,
				15AA46D11D2F515100E4AD97 /* AppDelegate.h */,
				15AA46D21D2F515100E4AD97 /* AppDelegate.m */,
				15AA46D41D2F515100E4AD97 /* ViewController.h */,
				15AA46D51D2F515100E4AD97 /* ViewController.m */,
				15AA47131D2F5D0000E4AD97 /* YGHeader.h */,
				15AA47141D2F5D1200E4AD97 /* YGTool.h */,
				15AA47151D2F5D1200E4AD97 /* YGTool.m */,
				15AA47101D2F5CC000E4AD97 /* YGBaseViewController.h */,
				15AA47111D2F5CC000E4AD97 /* YGBaseViewController.m */,
				15AA46D71D2F515100E4AD97 /* Main.storyboard */,
				15AA46DA1D2F515100E4AD97 /* Assets.xcassets */,
				15AA46DC1D2F515100E4AD97 /* LaunchScreen.storyboard */,
				15AA46DF1D2F515100E4AD97 /* Info.plist */,
				15AA46CE1D2F515100E4AD97 /* Supporting Files */,
			);
			path = "我的轮子";
			sourceTree = "<group>";
		};
		15AA46CE1D2F515100E4AD97 /* Supporting Files */ = {
			isa = PBXGroup;
			children = (
				15AA46CF1D2F515100E4AD97 /* main.m */,
			);
			name = "Supporting Files";
			sourceTree = "<group>";
		};
		15AA470F1D2F5C5900E4AD97 /* 物流详情页面 */ = {
			isa = PBXGroup;
			children = (
				15AA46E51D2F545B00E4AD97 /* YGLogisticsInformationVC.h */,
				15AA46E61D2F545B00E4AD97 /* YGLogisticsInformationVC.m */,
				15AA46EF1D2F556C00E4AD97 /* YGLogisticsInformationInfo.h */,
				15AA46E81D2F556C00E4AD97 /* YGLogisticsInformationInfo.m */,
				15AA46E91D2F556C00E4AD97 /* YGLogisticsInformationCell.h */,
				15AA46EB1D2F556C00E4AD97 /* YGLogisticsInformationCell.m */,
				15AA46EC1D2F556C00E4AD97 /* YGLogisticsInformationDetailCell.h */,
				15AA46EE1D2F556C00E4AD97 /* YGLogisticsInformationDetailCell.m */,
				15AA46EA1D2F556C00E4AD97 /* YGTextView.h */,
				15AA46ED1D2F556C00E4AD97 /* YGTextView.m */,
			);
			name = "物流详情页面";
			sourceTree = "<group>";
		};
		15B5556F1D38D32900DD7233 /* 个人简介界面 */ = {
			isa = PBXGroup;
			children = (
				15B555731D38D39E00DD7233 /* YGPersonalProfileVC.h */,
				15B555741D38D39E00DD7233 /* YGPersonalProfileVC.m */,
				15B555761D38DD7300DD7233 /* YGBaseMapView.h */,
				15B555771D38DD7300DD7233 /* YGBaseMapView.m */,
			);
			name = "个人简介界面";
			sourceTree = "<group>";
		};
		15B60E721DBD9951008B5A14 /* MBProgressHUD */ = {
			isa = PBXGroup;
			children = (
				15B60E731DBD9951008B5A14 /* MBProgressHUD+NSString.h */,
				15B60E741DBD9951008B5A14 /* MBProgressHUD+NSString.m */,
				15B60E751DBD9951008B5A14 /* MBProgressHUD.h */,
				15B60E761DBD9951008B5A14 /* MBProgressHUD.m */,
			);
			path = MBProgressHUD;
			sourceTree = "<group>";
		};
		15B6984B1D79684400883F3F /* 订单详情页 */ = {
			isa = PBXGroup;
			children = (
				15B6984C1D7968F700883F3F /* YGDingDangVC.h */,
				15B6984D1D7968F700883F3F /* YGDingDangVC.m */,
				15B6984F1D796A8C00883F3F /* YGDingDangCell.h */,
				15B698501D796A8C00883F3F /* YGDingDangCell.m */,
				15B9339E1D7D4B6A007C178D /* YGCustomerInformationCell.h */,
				15B9339F1D7D4B6A007C178D /* YGCustomerInformationCell.m */,
			);
			name = "订单详情页";
			sourceTree = "<group>";
		};
		15BE48CC1D94C46F0081E051 /* 图片标注 */ = {
			isa = PBXGroup;
			children = (
				15A926E01DAC7FB00041BC27 /* YGMyButton.h */,
				15A926E11DAC7FB00041BC27 /* YGMyButton.m */,
				15BE48D01D94C5210081E051 /* YGDrawingVC.h */,
				15BE48D11D94C5210081E051 /* YGDrawingVC.m */,
				15BE48CD1D94C4A20081E051 /* YGDrawingView.h */,
				15BE48CE1D94C4A20081E051 /* YGDrawingView.m */,
				15C4C1701DB4CB24000DAE28 /* YGInputTextField.h */,
				15C4C1711DB4CB24000DAE28 /* YGInputTextField.m */,
				15F4A6811DB5F53400EAAF83 /* YGArrowView.h */,
				15F4A6821DB5F53400EAAF83 /* YGArrowView.m */,
				15A3E0431DA9E90A00707203 /* YGDrawingArrowView.h */,
				15A3E0441DA9E90A00707203 /* YGDrawingArrowView.m */,
				15BE48D31D94CC8F0081E051 /* YGDrawingLineView.h */,
				15BE48D41D94CC8F0081E051 /* YGDrawingLineView.m */,
				15A3E0461DAA14D200707203 /* YGMagnifierView.h */,
				15A3E0471DAA14D200707203 /* YGMagnifierView.m */,
				15A3E0491DAA304000707203 /* YGTwoBarCodeView.h */,
				15A3E04A1DAA304000707203 /* YGTwoBarCodeView.m */,
				15A3E04C1DAA34C800707203 /* YGCompanyLogoView.h */,
				15A3E04D1DAA34C800707203 /* YGCompanyLogoView.m */,
				158EFA101DAB857E007128FF /* YGSetPropertyView.h */,
				158EFA111DAB857E007128FF /* YGSetPropertyView.m */,
				15FBDD621DACB6E600D978DF /* YGSetPropertyInfo.h */,
				15FBDD631DACB6E600D978DF /* YGSetPropertyInfo.m */,
				15ABC1FD1DB74DBD00D22351 /* YGSetPropertyTextOptionsView.h */,
				15ABC1FE1DB74DBD00D22351 /* YGSetPropertyTextOptionsView.m */,
				15CD63ED1DB9ABF300883BBE /* YGStrokeLabel.h */,
				15CD63EE1DB9ABF300883BBE /* YGStrokeLabel.m */,
				15CD63F01DB9B7A000883BBE /* YGStrokeTextView.h */,
				15CD63F11DB9B7A000883BBE /* YGStrokeTextView.m */,
			);
			name = "图片标注";
			sourceTree = "<group>";
		};
		15D0C5CA1D82A93D000A9575 /* 图片拼接 */ = {
			isa = PBXGroup;
			children = (
				15D0C5CE1D82A9E7000A9575 /* YGPiceModifyVC.h */,
				15D0C5CF1D82A9E7000A9575 /* YGPiceModifyVC.m */,
				15CA57CE1D87EAE500AFD555 /* YGMosaicImageView.h */,
				15CA57CF1D87EAE500AFD555 /* YGMosaicImageView.m */,
				15B33F721D88FF0300247239 /* YGMosaicImageInfo.h */,
				15B33F731D88FF0300247239 /* YGMosaicImageInfo.m */,
			);
			name = "图片拼接";
			sourceTree = "<group>";
		};
/* End PBXGroup section */

/* Begin PBXNativeTarget section */
		15AA46CA1D2F515100E4AD97 /* 我的轮子 */ = {
			isa = PBXNativeTarget;
			buildConfigurationList = 15AA46E21D2F515100E4AD97 /* Build configuration list for PBXNativeTarget "我的轮子" */;
			buildPhases = (
				15AA46C71D2F515100E4AD97 /* Sources */,
				15AA46C81D2F515100E4AD97 /* Frameworks */,
				15AA46C91D2F515100E4AD97 /* Resources */,
			);
			buildRules = (
			);
			dependencies = (
			);
			name = "我的轮子";
			productName = "我的轮子";
			productReference = 15AA46CB1D2F515100E4AD97 /* 我的轮子.app */;
			productType = "com.apple.product-type.application";
		};
		15AA46F71D2F5C0100E4AD97 /* 浮动毛玻璃相框效果 */ = {
			isa = PBXNativeTarget;
			buildConfigurationList = 15AA470C1D2F5C0100E4AD97 /* Build configuration list for PBXNativeTarget "浮动毛玻璃相框效果" */;
			buildPhases = (
				15AA46F41D2F5C0100E4AD97 /* Sources */,
				15AA46F51D2F5C0100E4AD97 /* Frameworks */,
				15AA46F61D2F5C0100E4AD97 /* Resources */,
			);
			buildRules = (
			);
			dependencies = (
			);
			name = "浮动毛玻璃相框效果";
			productName = "浮动毛玻璃相框效果";
			productReference = 15AA46F81D2F5C0100E4AD97 /* 浮动毛玻璃相框效果.app */;
			productType = "com.apple.product-type.application";
		};
/* End PBXNativeTarget section */

/* Begin PBXProject section */
		15AA46C31D2F515100E4AD97 /* Project object */ = {
			isa = PBXProject;
			attributes = {
				CLASSPREFIX = YG;
				LastUpgradeCheck = 0710;
				ORGANIZATIONNAME = com.zccl;
				TargetAttributes = {
					15AA46CA1D2F515100E4AD97 = {
						CreatedOnToolsVersion = 7.1;
						DevelopmentTeam = 6HPVU69B37;
					};
					15AA46F71D2F5C0100E4AD97 = {
						CreatedOnToolsVersion = 7.1;
					};
				};
			};
			buildConfigurationList = 15AA46C61D2F515100E4AD97 /* Build configuration list for PBXProject "我的轮子" */;
			compatibilityVersion = "Xcode 3.2";
			developmentRegion = English;
			hasScannedForEncodings = 0;
			knownRegions = (
				en,
				Base,
			);
			mainGroup = 15AA46C21D2F515100E4AD97;
			productRefGroup = 15AA46CC1D2F515100E4AD97 /* Products */;
			projectDirPath = "";
			projectRoot = "";
			targets = (
				15AA46CA1D2F515100E4AD97 /* 我的轮子 */,
				15AA46F71D2F5C0100E4AD97 /* 浮动毛玻璃相框效果 */,
			);
		};
/* End PBXProject section */

/* Begin PBXResourcesBuildPhase section */
		15AA46C91D2F515100E4AD97 /* Resources */ = {
			isa = PBXResourcesBuildPhase;
			buildActionMask = 2147483647;
			files = (
				15AA46DE1D2F515100E4AD97 /* LaunchScreen.storyboard in Resources */,
				15AA46DB1D2F515100E4AD97 /* Assets.xcassets in Resources */,
				15AA46D91D2F515100E4AD97 /* Main.storyboard in Resources */,
			);
			runOnlyForDeploymentPostprocessing = 0;
		};
		15AA46F61D2F5C0100E4AD97 /* Resources */ = {
			isa = PBXResourcesBuildPhase;
			buildActionMask = 2147483647;
			files = (
			);
			runOnlyForDeploymentPostprocessing = 0;
		};
/* End PBXResourcesBuildPhase section */

/* Begin PBXSourcesBuildPhase section */
		15AA46C71D2F515100E4AD97 /* Sources */ = {
			isa = PBXSourcesBuildPhase;
			buildActionMask = 2147483647;
			files = (
				15F4A6831DB5F53400EAAF83 /* YGArrowView.m in Sources */,
				15B6984E1D7968F700883F3F /* YGDingDangVC.m in Sources */,
				15CD63EF1DB9ABF300883BBE /* YGStrokeLabel.m in Sources */,
				15A3E0481DAA14D200707203 /* YGMagnifierView.m in Sources */,
				15AA46F11D2F556C00E4AD97 /* YGLogisticsInformationCell.m in Sources */,
				15AA47161D2F5D1200E4AD97 /* YGTool.m in Sources */,
				15AA46D61D2F515100E4AD97 /* ViewController.m in Sources */,
				15D0C5D01D82A9E7000A9575 /* YGPiceModifyVC.m in Sources */,
				15B33F741D88FF0300247239 /* YGMosaicImageInfo.m in Sources */,
				15FBDD641DACB6E600D978DF /* YGSetPropertyInfo.m in Sources */,
				15AA46F01D2F556C00E4AD97 /* YGLogisticsInformationInfo.m in Sources */,
				15A926E21DAC7FB00041BC27 /* YGMyButton.m in Sources */,
				15A3E0451DA9E90B00707203 /* YGDrawingArrowView.m in Sources */,
				15B60E771DBD9951008B5A14 /* MBProgressHUD+NSString.m in Sources */,
				15B555781D38DD7300DD7233 /* YGBaseMapView.m in Sources */,
				15BE48D21D94C5210081E051 /* YGDrawingVC.m in Sources */,
				15AA47121D2F5CC000E4AD97 /* YGBaseViewController.m in Sources */,
				15C4C1721DB4CB24000DAE28 /* YGInputTextField.m in Sources */,
				15AA46F31D2F556C00E4AD97 /* YGLogisticsInformationDetailCell.m in Sources */,
				15B555751D38D39E00DD7233 /* YGPersonalProfileVC.m in Sources */,
				15CD63F21DB9B7A000883BBE /* YGStrokeTextView.m in Sources */,
				15AA46F21D2F556C00E4AD97 /* YGTextView.m in Sources */,
				15ABC1FF1DB74DBD00D22351 /* YGSetPropertyTextOptionsView.m in Sources */,
				15BE48CF1D94C4A20081E051 /* YGDrawingView.m in Sources */,
				15A3E04B1DAA304000707203 /* YGTwoBarCodeView.m in Sources */,
				15CA57D01D87EAE500AFD555 /* YGMosaicImageView.m in Sources */,
				15AA46E71D2F545B00E4AD97 /* YGLogisticsInformationVC.m in Sources */,
				15B60E781DBD9951008B5A14 /* MBProgressHUD.m in Sources */,
				15AA46D31D2F515100E4AD97 /* AppDelegate.m in Sources */,
				15B698511D796A8C00883F3F /* YGDingDangCell.m in Sources */,
				15BE48D51D94CC8F0081E051 /* YGDrawingLineView.m in Sources */,
				158EFA121DAB857E007128FF /* YGSetPropertyView.m in Sources */,
				15A3E04E1DAA34C800707203 /* YGCompanyLogoView.m in Sources */,
				15B933A01D7D4B6A007C178D /* YGCustomerInformationCell.m in Sources */,
				15AA46D01D2F515100E4AD97 /* main.m in Sources */,
			);
			runOnlyForDeploymentPostprocessing = 0;
		};
		15AA46F41D2F5C0100E4AD97 /* Sources */ = {
			isa = PBXSourcesBuildPhase;
			buildActionMask = 2147483647;
			files = (
			);
			runOnlyForDeploymentPostprocessing = 0;
		};
/* End PBXSourcesBuildPhase section */

/* Begin PBXVariantGroup section */
		15AA46D71D2F515100E4AD97 /* Main.storyboard */ = {
			isa = PBXVariantGroup;
			children = (
				15AA46D81D2F515100E4AD97 /* Base */,
			);
			name = Main.storyboard;
			sourceTree = "<group>";
		};
		15AA46DC1D2F515100E4AD97 /* LaunchScreen.storyboard */ = {
			isa = PBXVariantGroup;
			children = (
				15AA46DD1D2F515100E4AD97 /* Base */,
			);
			name = LaunchScreen.storyboard;
			sourceTree = "<group>";
		};
/* End PBXVariantGroup section */

/* Begin XCBuildConfiguration section */
		15AA46E01D2F515100E4AD97 /* Debug */ = {
			isa = XCBuildConfiguration;
			buildSettings = {
				ALWAYS_SEARCH_USER_PATHS = NO;
				CLANG_CXX_LANGUAGE_STANDARD = "gnu++0x";
				CLANG_CXX_LIBRARY = "libc++";
				CLANG_ENABLE_MODULES = YES;
				CLANG_ENABLE_OBJC_ARC = YES;
				CLANG_WARN_BOOL_CONVERSION = YES;
				CLANG_WARN_CONSTANT_CONVERSION = YES;
				CLANG_WARN_DIRECT_OBJC_ISA_USAGE = YES_ERROR;
				CLANG_WARN_EMPTY_BODY = YES;
				CLANG_WARN_ENUM_CONVERSION = YES;
				CLANG_WARN_INT_CONVERSION = YES;
				CLANG_WARN_OBJC_ROOT_CLASS = YES_ERROR;
				CLANG_WARN_UNREACHABLE_CODE = YES;
				CLANG_WARN__DUPLICATE_METHOD_MATCH = YES;
				"CODE_SIGN_IDENTITY[sdk=iphoneos*]" = "iPhone Developer";
				COPY_PHASE_STRIP = NO;
				DEBUG_INFORMATION_FORMAT = dwarf;
				ENABLE_STRICT_OBJC_MSGSEND = YES;
				ENABLE_TESTABILITY = YES;
				GCC_C_LANGUAGE_STANDARD = gnu99;
				GCC_DYNAMIC_NO_PIC = NO;
				GCC_NO_COMMON_BLOCKS = YES;
				GCC_OPTIMIZATION_LEVEL = 0;
				GCC_PREPROCESSOR_DEFINITIONS = (
					"DEBUG=1",
					"$(inherited)",
				);
				GCC_WARN_64_TO_32_BIT_CONVERSION = YES;
				GCC_WARN_ABOUT_RETURN_TYPE = YES_ERROR;
				GCC_WARN_UNDECLARED_SELECTOR = YES;
				GCC_WARN_UNINITIALIZED_AUTOS = YES_AGGRESSIVE;
				GCC_WARN_UNUSED_FUNCTION = YES;
				GCC_WARN_UNUSED_VARIABLE = YES;
				IPHONEOS_DEPLOYMENT_TARGET = 9.1;
				MTL_ENABLE_DEBUG_INFO = YES;
				ONLY_ACTIVE_ARCH = YES;
				SDKROOT = iphoneos;
			};
			name = Debug;
		};
		15AA46E11D2F515100E4AD97 /* Release */ = {
			isa = XCBuildConfiguration;
			buildSettings = {
				ALWAYS_SEARCH_USER_PATHS = NO;
				CLANG_CXX_LANGUAGE_STANDARD = "gnu++0x";
				CLANG_CXX_LIBRARY = "libc++";
				CLANG_ENABLE_MODULES = YES;
				CLANG_ENABLE_OBJC_ARC = YES;
				CLANG_WARN_BOOL_CONVERSION = YES;
				CLANG_WARN_CONSTANT_CONVERSION = YES;
				CLANG_WARN_DIRECT_OBJC_ISA_USAGE = YES_ERROR;
				CLANG_WARN_EMPTY_BODY = YES;
				CLANG_WARN_ENUM_CONVERSION = YES;
				CLANG_WARN_INT_CONVERSION = YES;
				CLANG_WARN_OBJC_ROOT_CLASS = YES_ERROR;
				CLANG_WARN_UNREACHABLE_CODE = YES;
				CLANG_WARN__DUPLICATE_METHOD_MATCH = YES;
				"CODE_SIGN_IDENTITY[sdk=iphoneos*]" = "iPhone Developer";
				COPY_PHASE_STRIP = NO;
				DEBUG_INFORMATION_FORMAT = "dwarf-with-dsym";
				ENABLE_NS_ASSERTIONS = NO;
				ENABLE_STRICT_OBJC_MSGSEND = YES;
				GCC_C_LANGUAGE_STANDARD = gnu99;
				GCC_NO_COMMON_BLOCKS = YES;
				GCC_WARN_64_TO_32_BIT_CONVERSION = YES;
				GCC_WARN_ABOUT_RETURN_TYPE = YES_ERROR;
				GCC_WARN_UNDECLARED_SELECTOR = YES;
				GCC_WARN_UNINITIALIZED_AUTOS = YES_AGGRESSIVE;
				GCC_WARN_UNUSED_FUNCTION = YES;
				GCC_WARN_UNUSED_VARIABLE = YES;
				IPHONEOS_DEPLOYMENT_TARGET = 9.1;
				MTL_ENABLE_DEBUG_INFO = NO;
				SDKROOT = iphoneos;
				VALIDATE_PRODUCT = YES;
			};
			name = Release;
		};
		15AA46E31D2F515100E4AD97 /* Debug */ = {
			isa = XCBuildConfiguration;
			buildSettings = {
				ASSETCATALOG_COMPILER_APPICON_NAME = AppIcon;
				CODE_SIGN_IDENTITY = "iPhone Developer";
				"CODE_SIGN_IDENTITY[sdk=iphoneos*]" = "iPhone Developer";
				DEVELOPMENT_TEAM = 6HPVU69B37;
				INFOPLIST_FILE = "我的轮子/Info.plist";
				LD_RUNPATH_SEARCH_PATHS = "$(inherited) @executable_path/Frameworks";
				PRODUCT_BUNDLE_IDENTIFIER = "com.zccl.----";
				PRODUCT_NAME = "$(TARGET_NAME)";
				PROVISIONING_PROFILE = "";
			};
			name = Debug;
		};
		15AA46E41D2F515100E4AD97 /* Release */ = {
			isa = XCBuildConfiguration;
			buildSettings = {
				ASSETCATALOG_COMPILER_APPICON_NAME = AppIcon;
				CODE_SIGN_IDENTITY = "iPhone Developer";
				"CODE_SIGN_IDENTITY[sdk=iphoneos*]" = "iPhone Developer";
				DEVELOPMENT_TEAM = 6HPVU69B37;
				INFOPLIST_FILE = "我的轮子/Info.plist";
				LD_RUNPATH_SEARCH_PATHS = "$(inherited) @executable_path/Frameworks";
				PRODUCT_BUNDLE_IDENTIFIER = "com.zccl.----";
				PRODUCT_NAME = "$(TARGET_NAME)";
				PROVISIONING_PROFILE = "";
			};
			name = Release;
		};
		15AA470D1D2F5C0100E4AD97 /* Debug */ = {
			isa = XCBuildConfiguration;
			buildSettings = {
				ASSETCATALOG_COMPILER_APPICON_NAME = AppIcon;
				INFOPLIST_FILE = "浮动毛玻璃相框效果/Info.plist";
				LD_RUNPATH_SEARCH_PATHS = "$(inherited) @executable_path/Frameworks";
				PRODUCT_BUNDLE_IDENTIFIER = "com.zccl.---------";
				PRODUCT_NAME = "$(TARGET_NAME)";
			};
			name = Debug;
		};
		15AA470E1D2F5C0100E4AD97 /* Release */ = {
			isa = XCBuildConfiguration;
			buildSettings = {
				ASSETCATALOG_COMPILER_APPICON_NAME = AppIcon;
				INFOPLIST_FILE = "浮动毛玻璃相框效果/Info.plist";
				LD_RUNPATH_SEARCH_PATHS = "$(inherited) @executable_path/Frameworks";
				PRODUCT_BUNDLE_IDENTIFIER = "com.zccl.---------";
				PRODUCT_NAME = "$(TARGET_NAME)";
			};
			name = Release;
		};
/* End XCBuildConfiguration section */

/* Begin XCConfigurationList section */
		15AA46C61D2F515100E4AD97 /* Build configuration list for PBXProject "我的轮子" */ = {
			isa = XCConfigurationList;
			buildConfigurations = (
				15AA46E01D2F515100E4AD97 /* Debug */,
				15AA46E11D2F515100E4AD97 /* Release */,
			);
			defaultConfigurationIsVisible = 0;
			defaultConfigurationName = Release;
		};
		15AA46E21D2F515100E4AD97 /* Build configuration list for PBXNativeTarget "我的轮子" */ = {
			isa = XCConfigurationList;
			buildConfigurations = (
				15AA46E31D2F515100E4AD97 /* Debug */,
				15AA46E41D2F515100E4AD97 /* Release */,
			);
			defaultConfigurationIsVisible = 0;
			defaultConfigurationName = Release;
		};
		15AA470C1D2F5C0100E4AD97 /* Build configuration list for PBXNativeTarget "浮动毛玻璃相框效果" */ = {
			isa = XCConfigurationList;
			buildConfigurations = (
				15AA470D1D2F5C0100E4AD97 /* Debug */,
				15AA470E1D2F5C0100E4AD97 /* Release */,
			);
			defaultConfigurationIsVisible = 0;
			defaultConfigurationName = Release;
		};
/* End XCConfigurationList section */
	};
	rootObject = 15AA46C31D2F515100E4AD97 /* Project object */;
}
